{
  "name": "@misen/enterprise-runtime-poc",
  "version": "0.1.0",
  "lockfileVersion": 3,
  "requires": true,
  "packages": {
    "": {
      "name": "@misen/enterprise-runtime-poc",
      "version": "0.1.0",
      "dependencies": {
        "@deepseek-ai/cordis": "4.0.2",
        "@deepseek-ai/dsh-agent": "0.1.2-alpha.2",
        "@deepseek-ai/dsh-agent-loop": "0.1.2-alpha.2",
        "@deepseek-ai/dsh-llm": "0.1.2-alpha.2",
        "@deepseek-ai/dsh-session": "0.1.2-alpha.2",
        "@deepseek-ai/dsh-session-projection": "0.1.2-alpha.2",
        "@deepseek-ai/dsh-system-prompt": "0.1.2-alpha.2",
        "@deepseek-ai/dsh-tools": "0.1.2-alpha.2",
        "@deepseek-ai/dsh-util-values": "0.1.2-alpha.2",
        "@office-kit/xlsx": "0.9.0"
      },
      "devDependencies": {
        "@deepseek-ai/dsh-attachment": "0.1.2-alpha.2",
        "@types/node": "24.13.3",
        "typescript": "6.0.3"
      },
      "engines": {
        "node": "^22.19.0 || >=24.0.0"
      }
    },
    "node_modules/@deepseek-ai/cordis": {
      "version": "4.0.2",
      "resolved": "https://registry.npmjs.org/@deepseek-ai/cordis/-/cordis-4.0.2.tgz",
      "integrity": "sha512-asOnXP1TzFSFQlHb1iegDZp0z/8WD1c7YNrwJR/Tx2bzNuMXfcekE/I67Iv6SQXeLB4csxqCngzQKANP7gdw0g==",
      "license": "MIT",
      "dependencies": {
        "@deepseek-ai/cosmokit": "^1.8.3",
        "@standard-schema/spec": "^1.1.0"
      },
      "bin": {
        "cordis": "bin.js"
      },
      "peerDependencies": {
        "@deepseek-ai/cordis-plugin-include": "^1.0.7",
        "@deepseek-ai/cordis-plugin-loader": "^1.0.3"
      },
      "peerDependenciesMeta": {
        "@deepseek-ai/cordis-plugin-include": {
          "optional": true
        },
        "@deepseek-ai/cordis-plugin-loader": {
          "optional": true
        }
      }
    },
    "node_modules/@deepseek-ai/cosmokit": {
      "version": "1.8.3",
      "resolved": "https://registry.npmjs.org/@deepseek-ai/cosmokit/-/cosmokit-1.8.3.tgz",
      "integrity": "sha512-qBo+ronVM6Eu2WNVJXi8JcMiqZ19T9BRIpV+5qJUFPXjGH/Z0QKcQMC/IZJ7L394YTOtJgcovbk9qP0w2GsBXQ==",
      "license": "MIT"
    },
    "node_modules/@deepseek-ai/dsh-agent": {
      "version": "0.1.2-alpha.2",
      "resolved": "https://registry.npmjs.org/@deepseek-ai/dsh-agent/-/dsh-agent-0.1.2-alpha.2.tgz",
      "integrity": "sha512-K7B5XSQ7byB/IoNGj7n+lBgHCpVPJqEPvpGoHKc1dBS8fPo2yYp/ALFag4YOfrXVP3jQ9A8di20BbvIlp79SoA==",
      "license": "MIT",
      "peerDependencies": {
        "@deepseek-ai/cordis": "^4.0.2",
        "@deepseek-ai/dsh-invariants": "^0.1.2-alpha.2",
        "@deepseek-ai/dsh-llm": "^0.1.2-alpha.2",
        "@deepseek-ai/dsh-scope": "^0.1.2-alpha.2",
        "@deepseek-ai/dsh-session": "^0.1.2-alpha.2",
        "@deepseek-ai/dsh-session-projection": "^0.1.2-alpha.2",
        "@deepseek-ai/dsh-system-prompt": "^0.1.2-alpha.2",
        "@deepseek-ai/dsh-typert-protocol": "^0.1.2-alpha.2"
      }
    },
    "node_modules/@deepseek-ai/dsh-agent-loop": {
      "version": "0.1.2-alpha.2",
      "resolved": "https://registry.npmjs.org/@deepseek-ai/dsh-agent-loop/-/dsh-agent-loop-0.1.2-alpha.2.tgz",
      "integrity": "sha512-UU1i+rTuQV3Q5PGY4qFlojJ0Gbthib22pida5elZlg28dd8gtY2d1U5V9q2+rKK/469CO29rkz6TWMWk0g93Jg==",
      "license": "MIT",
      "dependencies": {
        "@deepseek-ai/dsh-brand": "^0.1.2-alpha.2",
        "@deepseek-ai/dsh-util-values": "^0.1.2-alpha.2",
        "@deepseek-ai/schemastery": "^3.18.2",
        "zod": "^4.4.3"
      },
      "peerDependencies": {
        "@deepseek-ai/cordis": "^4.0.2",
        "@deepseek-ai/dsh-agent": "^0.1.2-alpha.2",
        "@deepseek-ai/dsh-invariants": "^0.1.2-alpha.2",
        "@deepseek-ai/dsh-llm": "^0.1.2-alpha.2",
        "@deepseek-ai/dsh-scope": "^0.1.2-alpha.2",
        "@deepseek-ai/dsh-session": "^0.1.2-alpha.2",
        "@deepseek-ai/dsh-session-persistence": "^0.1.2-alpha.2",
        "@deepseek-ai/dsh-session-projection": "^0.1.2-alpha.2",
        "@deepseek-ai/dsh-settings": "^0.1.2-alpha.2",
        "@deepseek-ai/dsh-system-prompt": "^0.1.2-alpha.2",
        "@deepseek-ai/dsh-tools": "^0.1.2-alpha.2"
      }
    },
    "node_modules/@deepseek-ai/dsh-attachment": {
      "version": "0.1.2-alpha.2",
      "resolved": "https://registry.npmjs.org/@deepseek-ai/dsh-attachment/-/dsh-attachment-0.1.2-alpha.2.tgz",
      "integrity": "sha512-+e+zQCbBi94Jnyfpq/M+/J2R/66GbMh5zqr7yVdCjvAJp8d2hxQsZ0O/oaSV+iZQIMgJz+BcwvrS1VU+XmzQWg==",
      "dev": true,
      "license": "MIT",
      "peerDependencies": {
        "@deepseek-ai/cordis": "^4.0.2",
        "@deepseek-ai/dsh-brand": "^0.1.2-alpha.2",
        "@deepseek-ai/dsh-invariants": "^0.1.2-alpha.2"
      }
    },
    "node_modules/@deepseek-ai/dsh-brand": {
      "version": "0.1.2-alpha.2",
      "resolved": "https://registry.npmjs.org/@deepseek-ai/dsh-brand/-/dsh-brand-0.1.2-alpha.2.tgz",
      "integrity": "sha512-sWFbShCe8LNLuqD3gdQeneUGxFtZ/rywe6Tmi2eteBDubecHnf04XurtF38Epno42bnNTMYWuKwt1cihcbHL3A==",
      "license": "MIT",
      "peerDependencies": {
        "@deepseek-ai/cordis": "^4.0.2",
        "@deepseek-ai/dsh-invariants": "^0.1.2-alpha.2"
      }
    },
    "node_modules/@deepseek-ai/dsh-code-runtime": {
      "version": "0.1.2-alpha.2",
      "resolved": "https://registry.npmjs.org/@deepseek-ai/dsh-code-runtime/-/dsh-code-runtime-0.1.2-alpha.2.tgz",
      "integrity": "sha512-KGUwcm4sSHjspQYr2Kj1DycaxnPzxg25sk3ychqbFG4cLcUA8W6eqQJEpEUgmnCOkDBx/j9oXvzNxp7XGMsRoQ==",
      "license": "MIT",
      "peer": true,
      "peerDependencies": {
        "@deepseek-ai/cordis": "^4.0.2",
        "@deepseek-ai/dsh-invariants": "^0.1.2-alpha.2"
      }
    },
    "node_modules/@deepseek-ai/dsh-invariants": {
      "version": "0.1.2-alpha.2",
      "resolved": "https://registry.npmjs.org/@deepseek-ai/dsh-invariants/-/dsh-invariants-0.1.2-alpha.2.tgz",
      "integrity": "sha512-1ewUeCzUHbaqhtW5rG1/eujIXXzy2VhwvMa16RpcTuJp5qcU1NtAf/+COkmvI7qtkyNY61vWg1Ez5qL9hKIUpQ==",
      "license": "MIT",
      "peer": true,
      "dependencies": {
        "@deepseek-ai/schemastery": "^3.18.2"
      },
      "peerDependencies": {
        "@deepseek-ai/cordis": "^4.0.2"
      }
    },
    "node_modules/@deepseek-ai/dsh-llm": {
      "version": "0.1.2-alpha.2",
      "resolved": "https://registry.npmjs.org/@deepseek-ai/dsh-llm/-/dsh-llm-0.1.2-alpha.2.tgz",
      "integrity": "sha512-ip6yMxwHugxQm4VCbwX/FDnlTeeBM9VBkIn0+74ityQy7Z3yKREJ1Ov8Z04l4G3duRzeGRsQ4ztOFZ01oNfKIw==",
      "license": "MIT",
      "dependencies": {
        "@deepseek-ai/dsh-brand": "^0.1.2-alpha.2",
        "@deepseek-ai/dsh-timeout": "^0.1.2-alpha.2",
        "@deepseek-ai/dsh-typert-protocol": "^0.1.2-alpha.2",
        "@deepseek-ai/dsh-util-crypto": "^0.1.2-alpha.2",
        "@deepseek-ai/dsh-util-values": "^0.1.2-alpha.2",
        "@deepseek-ai/schemastery": "^3.18.2",
        "zod": "^4.4.3"
      },
      "peerDependencies": {
        "@deepseek-ai/cordis": "^4.0.2"
      }
    },
    "node_modules/@deepseek-ai/dsh-scope": {
      "version": "0.1.2-alpha.2",
      "resolved": "https://registry.npmjs.org/@deepseek-ai/dsh-scope/-/dsh-scope-0.1.2-alpha.2.tgz",
      "integrity": "sha512-jeWfQnftQeZOWujxndgU6kjoFuXGWqmFrkWAxlWmyeojK/iyZqAxayWPuhVUEgweh4EWJmn6rW5HV3E4DXWuWw==",
      "license": "MIT",
      "peer": true,
      "peerDependencies": {
        "@deepseek-ai/cordis": "^4.0.2",
        "@deepseek-ai/dsh-invariants": "^0.1.2-alpha.2"
      }
    },
    "node_modules/@deepseek-ai/dsh-session": {
      "version": "0.1.2-alpha.2",
      "resolved": "https://registry.npmjs.org/@deepseek-ai/dsh-session/-/dsh-session-0.1.2-alpha.2.tgz",
      "integrity": "sha512-RfikXscYTDXDr7CD7C/8oGJZaH8Egclj7pmXRtd90QcB5L8RIQ7069xrHZjds8OjNrFo69qQwNK3gYLUVZy9PA==",
      "license": "MIT",
      "dependencies": {
        "@deepseek-ai/dsh-brand": "^0.1.2-alpha.2",
        "@deepseek-ai/dsh-llm": "^0.1.2-alpha.2",
        "@deepseek-ai/dsh-util-values": "^0.1.2-alpha.2"
      },
      "peerDependencies": {
        "@deepseek-ai/cordis": "^4.0.2",
        "@deepseek-ai/dsh-scope": "^0.1.2-alpha.2"
      }
    },
    "node_modules/@deepseek-ai/dsh-session-persistence": {
      "version": "0.1.2-alpha.2",
      "resolved": "https://registry.npmjs.org/@deepseek-ai/dsh-session-persistence/-/dsh-session-persistence-0.1.2-alpha.2.tgz",
      "integrity": "sha512-gaPi/8YyDB5YLgxWOTQxSYRC/oW2HTI0VyRnk4HCQ2Zc1v9ocPX7CdgN5/tuhYnOIwK7PNGRQHVG5KT2P9a2HA==",
      "license": "MIT",
      "peer": true,
      "dependencies": {
        "@deepseek-ai/dsh-util-values": "^0.1.2-alpha.2"
      },
      "peerDependencies": {
        "@deepseek-ai/cordis": "^4.0.2",
        "@deepseek-ai/dsh-brand": "^0.1.2-alpha.2",
        "@deepseek-ai/dsh-invariants": "^0.1.2-alpha.2",
        "@deepseek-ai/dsh-session": "^0.1.2-alpha.2",
        "@deepseek-ai/dsh-timeout": "^0.1.2-alpha.2"
      }
    },
    "node_modules/@deepseek-ai/dsh-session-projection": {
      "version": "0.1.2-alpha.2",
      "resolved": "https://registry.npmjs.org/@deepseek-ai/dsh-session-projection/-/dsh-session-projection-0.1.2-alpha.2.tgz",
      "integrity": "sha512-E5NYRAOQwiYYu56WSHTlnI2MkyqznA4ePlOdOQvpF97a7ZG2BkRfflwvQ5NHIPv8FABemoSCGMiI3/0GSfqvBg==",
      "license": "MIT",
      "dependencies": {
        "zod": "^4.4.3"
      },
      "peerDependencies": {
        "@deepseek-ai/cordis": "^4.0.2",
        "@deepseek-ai/dsh-invariants": "^0.1.2-alpha.2",
        "@deepseek-ai/dsh-session": "^0.1.2-alpha.2"
      }
    },
    "node_modules/@deepseek-ai/dsh-settings": {
      "version": "0.1.2-alpha.2",
      "resolved": "https://registry.npmjs.org/@deepseek-ai/dsh-settings/-/dsh-settings-0.1.2-alpha.2.tgz",
      "integrity": "sha512-rWPH/LfDU9SCFaonqfxCMjnD4gkO31DlQVHL9LIy7wH/FVqnBJ6v13YN70Fpof2KKPyL2YhcwOOPQbusxlzSDw==",
      "license": "MIT",
      "peer": true,
      "dependencies": {
        "@deepseek-ai/dsh-util-values": "^0.1.2-alpha.2"
      },
      "peerDependencies": {
        "@deepseek-ai/cordis": "^4.0.2",
        "@deepseek-ai/dsh-brand": "^0.1.2-alpha.2",
        "@deepseek-ai/dsh-invariants": "^0.1.2-alpha.2",
        "@deepseek-ai/dsh-session": "^0.1.2-alpha.2",
        "@deepseek-ai/schemastery": "^3.18.2"
      }
    },
    "node_modules/@deepseek-ai/dsh-system-prompt": {
      "version": "0.1.2-alpha.2",
      "resolved": "https://registry.npmjs.org/@deepseek-ai/dsh-system-prompt/-/dsh-system-prompt-0.1.2-alpha.2.tgz",
      "integrity": "sha512-qT9PZEVMAbszsg1UVUvuovfWFS5unjy08KV0rnOc89TJCgkb2CnlknSyIQs0lXc/UiqT6ZQ59i4ClAFrXhxfxQ==",
      "license": "MIT",
      "dependencies": {
        "@deepseek-ai/schemastery": "^3.18.2"
      },
      "peerDependencies": {
        "@deepseek-ai/cordis": "^4.0.2",
        "@deepseek-ai/dsh-invariants": "^0.1.2-alpha.2",
        "@deepseek-ai/dsh-llm": "^0.1.2-alpha.2",
        "@deepseek-ai/dsh-scope": "^0.1.2-alpha.2"
      }
    },
    "node_modules/@deepseek-ai/dsh-timeout": {
      "version": "0.1.2-alpha.2",
      "resolved": "https://registry.npmjs.org/@deepseek-ai/dsh-timeout/-/dsh-timeout-0.1.2-alpha.2.tgz",
      "integrity": "sha512-8q5cd55aMoOvrPaqSws/3xiyzHhs1bfjdtAs4YHWimQgMd+yMrDnlu8i+zFOkWoSc0A2wPkXcCYR8xogl4gerA==",
      "license": "MIT",
      "peerDependencies": {
        "@deepseek-ai/cordis": "^4.0.2",
        "@deepseek-ai/dsh-invariants": "^0.1.2-alpha.2"
      }
    },
    "node_modules/@deepseek-ai/dsh-tools": {
      "version": "0.1.2-alpha.2",
      "resolved": "https://registry.npmjs.org/@deepseek-ai/dsh-tools/-/dsh-tools-0.1.2-alpha.2.tgz",
      "integrity": "sha512-trk0fkmCDp64pqdcr8u7rCcRrwNi+93FKuznTnCD+YsPGFygcSG/6n+Wsh4+9A6oI1fM4/Ecq6Baa9vq1sNhJg==",
      "license": "MIT",
      "dependencies": {
        "@deepseek-ai/dsh-brand": "^0.1.2-alpha.2",
        "@deepseek-ai/dsh-util-values": "^0.1.2-alpha.2",
        "@deepseek-ai/schemastery": "^3.18.2"
      },
      "peerDependencies": {
        "@deepseek-ai/cordis": "^4.0.2",
        "@deepseek-ai/dsh-agent": "^0.1.2-alpha.2",
        "@deepseek-ai/dsh-code-runtime": "^0.1.2-alpha.2",
        "@deepseek-ai/dsh-invariants": "^0.1.2-alpha.2",
        "@deepseek-ai/dsh-llm": "^0.1.2-alpha.2",
        "@deepseek-ai/dsh-scope": "^0.1.2-alpha.2",
        "@deepseek-ai/dsh-session": "^0.1.2-alpha.2",
        "@deepseek-ai/dsh-system-prompt": "^0.1.2-alpha.2",
        "@deepseek-ai/dsh-user-approval": "^0.1.2-alpha.2"
      }
    },
    "node_modules/@deepseek-ai/dsh-typert-protocol": {
      "version": "0.1.2-alpha.2",
      "resolved": "https://registry.npmjs.org/@deepseek-ai/dsh-typert-protocol/-/dsh-typert-protocol-0.1.2-alpha.2.tgz",
      "integrity": "sha512-U3j/usWHRllaJMdTr4GuVkkUciHWyq01mvMtWeGT+RY2hb+ysTxeuLEiV0Lh5EyVScgFdDLbe/GtTZ2OkGsGwQ==",
      "license": "MIT",
      "peerDependencies": {
        "@deepseek-ai/cordis": "^4.0.2",
        "@deepseek-ai/dsh-invariants": "^0.1.2-alpha.2"
      }
    },
    "node_modules/@deepseek-ai/dsh-user-approval": {
      "version": "0.1.2-alpha.2",
      "resolved": "https://registry.npmjs.org/@deepseek-ai/dsh-user-approval/-/dsh-user-approval-0.1.2-alpha.2.tgz",
      "integrity": "sha512-CcV3hf2Q0NYxRbnlE+IysaUkq/hvmjlvS9OGiHpARZVY4VlidlZRmsy5g5L17vDoxirX+WBJ9Cc5VcJMcjPrUg==",
      "license": "MIT",
      "peer": true,
      "dependencies": {
        "@deepseek-ai/schemastery": "^3.18.2"
      },
      "peerDependencies": {
        "@deepseek-ai/cordis": "^4.0.2",
        "@deepseek-ai/dsh-agent": "^0.1.2-alpha.2",
        "@deepseek-ai/dsh-brand": "^0.1.2-alpha.2",
        "@deepseek-ai/dsh-invariants": "^0.1.2-alpha.2",
        "@deepseek-ai/dsh-llm": "^0.1.2-alpha.2",
        "@deepseek-ai/dsh-scope": "^0.1.2-alpha.2",
        "@deepseek-ai/dsh-session": "^0.1.2-alpha.2",
        "@deepseek-ai/dsh-system-prompt": "^0.1.2-alpha.2"
      }
    },
    "node_modules/@deepseek-ai/dsh-util-crypto": {
      "version": "0.1.2-alpha.2",
      "resolved": "https://registry.npmjs.org/@deepseek-ai/dsh-util-crypto/-/dsh-util-crypto-0.1.2-alpha.2.tgz",
      "integrity": "sha512-03WVzlgLErJRRGMqaMdx5ufEoN3Scpdsnd0f8vXMhcbeEzKZ61lbI8z/m6ZttM/LhpzPALuFtDc5u+N5LFP8Fg==",
      "license": "MIT",
      "peerDependencies": {
        "@deepseek-ai/cordis": "^4.0.2",
        "@deepseek-ai/dsh-invariants": "^0.1.2-alpha.2"
      }
    },
    "node_modules/@deepseek-ai/dsh-util-values": {
      "version": "0.1.2-alpha.2",
      "resolved": "https://registry.npmjs.org/@deepseek-ai/dsh-util-values/-/dsh-util-values-0.1.2-alpha.2.tgz",
      "integrity": "sha512-ZyZHTqGQ/8S5ZYflTkuiZGPxhkuHa9Uy5G+teEmnmnkhiN/UVPGQvI//CXRNmxpTKjfx+qcVVmr5x6bohplsQg==",
      "license": "MIT",
      "peerDependencies": {
        "@deepseek-ai/cordis": "^4.0.2",
        "@deepseek-ai/dsh-invariants": "^0.1.2-alpha.2"
      }
    },
    "node_modules/@deepseek-ai/schemastery": {
      "version": "3.18.2",
      "resolved": "https://registry.npmjs.org/@deepseek-ai/schemastery/-/schemastery-3.18.2.tgz",
      "integrity": "sha512-njDtZsznjYxok7KLLlHOPyuv2efdWVbSflAHgztSfbMsg+CVraEoRe2DjOCgClYv3ZCSm7WXoaUkbB/+RY7tWQ==",
      "license": "MIT",
      "dependencies": {
        "@deepseek-ai/cosmokit": "^1.8.3",
        "@standard-schema/spec": "^1.1.0"
      }
    },
    "node_modules/@nodable/entities": {
      "version": "3.0.0",
      "resolved": "https://registry.npmjs.org/@nodable/entities/-/entities-3.0.0.tgz",
      "integrity": "sha512-8L9xFeTYKhm49xfIypoe2W5wV1m/3Z58kT+7kR9A8OyFxcPduI4VmxaUMQyKYrRjUoLLSXv6EKKID5Tvj9cUVw==",
      "funding": [
        {
          "type": "github",
          "url": "https://github.com/sponsors/nodable"
        }
      ],
      "license": "MIT"
    },
    "node_modules/@office-kit/xlsx": {
      "version": "0.9.0",
      "resolved": "https://registry.npmjs.org/@office-kit/xlsx/-/xlsx-0.9.0.tgz",
      "integrity": "sha512-4plRWmVeDIFSWzEpex7/8zztjarOFr9zuW/byrhbFSdMsHI8/RcB3SeahAiId8rQXJM6nqw+piqBwurPqemePA==",
      "license": "MIT",
      "dependencies": {
        "fast-xml-parser": "^5.9.3",
        "fflate": "^0.8.3",
        "saxes": "^6.0.0"
      },
      "engines": {
        "node": ">=22.0.0"
      }
    },
    "node_modules/@standard-schema/spec": {
      "version": "1.1.0",
      "resolved": "https://registry.npmjs.org/@standard-schema/spec/-/spec-1.1.0.tgz",
      "integrity": "sha512-l2aFy5jALhniG5HgqrD6jXLi/rUWrKvqN/qJx6yoJsgKhblVd+iqqU4RCXavm/jPityDo5TCvKMnpjKnOriy0w==",
      "license": "MIT"
    },
    "node_modules/@types/node": {
      "version": "24.13.3",
      "resolved": "https://registry.npmjs.org/@types/node/-/node-24.13.3.tgz",
      "integrity": "sha512-Dh8vAsV36ig5wa9OX4pXvMc9D3Veibfw2wix0CUwYODLD8nkj9UsLjASr49nPg+2eKzxhBV+v7L8pXvT4e639Q==",
      "dev": true,
      "license": "MIT",
      "dependencies": {
        "undici-types": "~7.18.0"
      }
    },
    "node_modules/anynum": {
      "version": "1.0.1",
      "resolved": "https://registry.npmjs.org/anynum/-/anynum-1.0.1.tgz",
      "integrity": "sha512-N6//FLET/tXYNM/F6ABca1oH6fWB+KlTt909Le28WMDBk8oaT4vY17DCrwg2MvmuqUKt3Ni4N5dGJ/EoBgcO6A==",
      "funding": [
        {
          "type": "github",
          "url": "https://github.com/sponsors/NaturalIntelligence"
        }
      ],
      "license": "MIT"
    },
    "node_modules/fast-xml-builder": {
      "version": "1.3.1",
      "resolved": "https://registry.npmjs.org/fast-xml-builder/-/fast-xml-builder-1.3.1.tgz",
      "integrity": "sha512-pIM/1n3ntFXKYrUZwW7QCK0gAW7XY+wzj1YMIV3tLDvPj/V+zTGJK5e3/4WJfwj0qWw2ElNXiTixda/R+3YSug==",
      "funding": [
        {
          "type": "github",
          "url": "https://github.com/sponsors/NaturalIntelligence"
        }
      ],
      "license": "MIT",
      "dependencies": {
        "path-expression-matcher": "^1.6.2",
        "xml-naming": "^0.3.0"
      }
    },
    "node_modules/fast-xml-parser": {
      "version": "5.11.1",
      "resolved": "https://registry.npmjs.org/fast-xml-parser/-/fast-xml-parser-5.11.1.tgz",
      "integrity": "sha512-TBw6K/fxoQGGjCmZDw9w/ZwP3uDcnTM4YH/g+PFRWr8sbe5idXtxNN6vITh4+1ruCZaho6uBFurElsA7F0zzgw==",
      "funding": [
        {
          "type": "github",
          "url": "https://github.com/sponsors/NaturalIntelligence"
        }
      ],
      "license": "MIT",
      "dependencies": {
        "@nodable/entities": "^3.0.0",
        "fast-xml-builder": "^1.2.0",
        "is-unsafe": "^2.0.0",
        "path-expression-matcher": "^1.6.2",
        "strnum": "^2.4.2",
        "xml-naming": "^0.3.0"
      },
      "bin": {
        "fxparser": "src/cli/cli.js"
      }
    },
    "node_modules/fflate": {
      "version": "0.8.3",
      "resolved": "https://registry.npmjs.org/fflate/-/fflate-0.8.3.tgz",
      "integrity": "sha512-tbZNuJrLwGUp3zshBtdy4W+ORxZuIh8a5ilyIEQDC5rY1f3U20JMry0Ll3WBzU58EZKsEuJFXhb5gwv8CsPvgA==",
      "license": "MIT"
    },
    "node_modules/is-unsafe": {
      "version": "2.0.2",
      "resolved": "https://registry.npmjs.org/is-unsafe/-/is-unsafe-2.0.2.tgz",
      "integrity": "sha512-HgbIHPBH0KHHCcjLfGsCvhtPTVxjaAZlXjwdz7/GQC40SjSe4sfQsar8J5VFo8JOSbarkpV0OLG95bbaNd9aAQ==",
      "funding": [
        {
          "type": "github",
          "url": "https://github.com/sponsors/NaturalIntelligence"
        }
      ],
      "license": "MIT"
    },
    "node_modules/path-expression-matcher": {
      "version": "1.6.2",
      "resolved": "https://registry.npmjs.org/path-expression-matcher/-/path-expression-matcher-1.6.2.tgz",
      "integrity": "sha512-enSlaiat05iasnzmgNxRj8reFdj3puY2QpNgP1aPIaVfT6nn9ICuPoFlKHk8EN22HcwewshO+mN2DGbkCEOtqQ==",
      "funding": [
        {
          "type": "github",
          "url": "https://github.com/sponsors/NaturalIntelligence"
        }
      ],
      "license": "MIT",
      "engines": {
        "node": ">=14.0.0"
      }
    },
    "node_modules/saxes": {
      "version": "6.0.0",
      "resolved": "https://registry.npmjs.org/saxes/-/saxes-6.0.0.tgz",
      "integrity": "sha512-xAg7SOnEhrm5zI3puOOKyy1OMcMlIJZYNJY7xLBwSze0UjhPLnWfj2GF2EpT0jmzaJKIWKHLsaSSajf35bcYnA==",
      "license": "ISC",
      "dependencies": {
        "xmlchars": "^2.2.0"
      },
      "engines": {
        "node": ">=v12.22.7"
      }
    },
    "node_modules/strnum": {
      "version": "2.4.2",
      "resolved": "https://registry.npmjs.org/strnum/-/strnum-2.4.2.tgz",
      "integrity": "sha512-rDG3Ah4TV0k1hWvLSzkZtMmLN9+eS+h3knq4MP6A42Y3Yh5qGNnOUs1jJkoSr8FG5dsL28c7KgkIBzSEykqtuw==",
      "funding": [
        {
          "type": "github",
          "url": "https://github.com/sponsors/NaturalIntelligence"
        }
      ],
      "license": "MIT",
      "dependencies": {
        "anynum": "^1.0.1"
      }
    },
    "node_modules/typescript": {
      "version": "6.0.3",
      "resolved": "https://registry.npmjs.org/typescript/-/typescript-6.0.3.tgz",
      "integrity": "sha512-y2TvuxSZPDyQakkFRPZHKFm+KKVqIisdg9/CZwm9ftvKXLP8NRWj38/ODjNbr43SsoXqNuAisEf1GdCxqWcdBw==",
      "dev": true,
      "license": "Apache-2.0",
      "bin": {
        "tsc": "bin/tsc",
        "tsserver": "bin/tsserver"
      },
      "engines": {
        "node": ">=14.17"
      }
    },
    "node_modules/undici-types": {
      "version": "7.18.2",
      "resolved": "https://registry.npmjs.org/undici-types/-/undici-types-7.18.2.tgz",
      "integrity": "sha512-AsuCzffGHJybSaRrmr5eHr81mwJU3kjw6M+uprWvCXiNeN9SOGwQ3Jn8jb8m3Z6izVgknn1R0FTCEAP2QrLY/w==",
      "dev": true,
      "license": "MIT"
    },
    "node_modules/xml-naming": {
      "version": "0.3.0",
      "resolved": "https://registry.npmjs.org/xml-naming/-/xml-naming-0.3.0.tgz",
      "integrity": "sha512-ghig2TBE/H11aOVgmahA3MhimvkBr6JIYknH/Dhdk10nXwdbIqBJsbfMxpvFPG8bAw77gN29aQWvKpmVoPlvPQ==",
      "funding": [
        {
          "type": "github",
          "url": "https://github.com/sponsors/NaturalIntelligence"
        }
      ],
      "license": "MIT",
      "engines": {
        "node": ">=16.0.0"
      }
    },
    "node_modules/xmlchars": {
      "version": "2.2.0",
      "resolved": "https://registry.npmjs.org/xmlchars/-/xmlchars-2.2.0.tgz",
      "integrity": "sha512-JZnDKK8B0RCDw84FNdDAIpZK+JuJw+s7Lz8nksI7SIuU3UXJJslUthsi+uWBUYOwPFwW7W7PRLRfUKpxjtjFCw==",
      "license": "MIT"
    },
    "node_modules/zod": {
      "version": "4.5.4",
      "resolved": "https://registry.npmjs.org/zod/-/zod-4.5.4.tgz",
      "integrity": "sha512-sC95tT5iHHH9gtpj6A81kh+NEaRAUFN+qlUPDUbRfOMvNf5QCBqsb3WgvnpVtK5Y+4UfA6KqufotuTvMGiTlsA==",
      "license": "MIT",
      "funding": {
        "url": "https://github.com/sponsors/colinhacks"
      }
    }
  }
}
